// !$*UTF8*$!
{
	archiveVersion = 1;
	classes = {
	};
	objectVersion = 51;
	objects = {

/* Begin PBXBuildFile section */
		3D346942258618F9002D2AB5 /* StoreDataManager.swift in Sources */ = {isa = PBXBuildFile; fileRef = 3D346941258618F9002D2AB5 /* StoreDataManager.swift */; };
		3D3469492587468A002D2AB5 /* Device.swift in Sources */ = {isa = PBXBuildFile; fileRef = 3D3469482587468A002D2AB5 /* Device.swift */; };
		3D34694D258746CF002D2AB5 /* IndicatorView.swift in Sources */ = {isa = PBXBuildFile; fileRef = 3D34694C258746CF002D2AB5 /* IndicatorView.swift */; };
		3D346950258746F4002D2AB5 /* UIColor.swift in Sources */ = {isa = PBXBuildFile; fileRef = 3D34694F258746F4002D2AB5 /* UIColor.swift */; };
		3D3469532587470D002D2AB5 /* UIFont.swift in Sources */ = {isa = PBXBuildFile; fileRef = 3D3469522587470D002D2AB5 /* UIFont.swift */; };
		3D346956258750B8002D2AB5 /* MyPage.swift in Sources */ = {isa = PBXBuildFile; fileRef = 3D346955258750B8002D2AB5 /* MyPage.swift */; };
		3D34695925875D8F002D2AB5 /* MyPageCustomView.xib in Resources */ = {isa = PBXBuildFile; fileRef = 3D34695825875D8F002D2AB5 /* MyPageCustomView.xib */; };
		3D34695C25875DA4002D2AB5 /* MyPageCustomView.swift in Sources */ = {isa = PBXBuildFile; fileRef = 3D34695B25875DA4002D2AB5 /* MyPageCustomView.swift */; };
		3D4E4F312589F1A600BE9FFF /* BottomCustomView.xib in Resources */ = {isa = PBXBuildFile; fileRef = 3D4E4F302589F1A600BE9FFF /* BottomCustomView.xib */; };
		3D4E4F342589F1C800BE9FFF /* BottomCustomView.swift in Sources */ = {isa = PBXBuildFile; fileRef = 3D4E4F332589F1C800BE9FFF /* BottomCustomView.swift */; };
		3D4E4F37258A0E1200BE9FFF /* GoogleService-Info.plist in Resources */ = {isa = PBXBuildFile; fileRef = 3D4E4F36258A0E1200BE9FFF /* GoogleService-Info.plist */; };
		3D4E4F5C258A4E6B00BE9FFF /* LoginVC.swift in Sources */ = {isa = PBXBuildFile; fileRef = 3D4E4F5B258A4E6B00BE9FFF /* LoginVC.swift */; };
		3DA668792591A0F1002ED446 /* StoreData.swift in Sources */ = {isa = PBXBuildFile; fileRef = 3DA668782591A0F1002ED446 /* StoreData.swift */; };
		3DD432C5258BA5370020594E /* JoinVC.swift in Sources */ = {isa = PBXBuildFile; fileRef = 3DD432C4258BA5370020594E /* JoinVC.swift */; };
		3DD432C8258BC0E50020594E /* JoinVC.xib in Resources */ = {isa = PBXBuildFile; fileRef = 3DD432C7258BC0E50020594E /* JoinVC.xib */; };
		3DD432CD258C894B0020594E /* StoreDetailVC.swift in Sources */ = {isa = PBXBuildFile; fileRef = 3DD432CB258C894B0020594E /* StoreDetailVC.swift */; };
		3DD432CE258C894B0020594E /* StoreDetailVC.xib in Resources */ = {isa = PBXBuildFile; fileRef = 3DD432CC258C894B0020594E /* StoreDetailVC.xib */; };
		3DD432DA258CEA7E0020594E /* ReviewCustomCell.swift in Sources */ = {isa = PBXBuildFile; fileRef = 3DD432D8258CEA7E0020594E /* ReviewCustomCell.swift */; };
		3DD432DB258CEA7E0020594E /* ReviewCustomCell.xib in Resources */ = {isa = PBXBuildFile; fileRef = 3DD432D9258CEA7E0020594E /* ReviewCustomCell.xib */; };
		3DD8D4E425922E4700598FDA /* String.swift in Sources */ = {isa = PBXBuildFile; fileRef = 3DD8D4E325922E4700598FDA /* String.swift */; };
		3DD8D4E725923A6F00598FDA /* StoreDetailMapVC.swift in Sources */ = {isa = PBXBuildFile; fileRef = 3DD8D4E625923A6F00598FDA /* StoreDetailMapVC.swift */; };
		3DD8D50C25926CD200598FDA /* EmailLoginVC.swift in Sources */ = {isa = PBXBuildFile; fileRef = 3DD8D50B25926CD200598FDA /* EmailLoginVC.swift */; };
		3DD8D534259344B500598FDA /* RecentViewdData.swift in Sources */ = {isa = PBXBuildFile; fileRef = 3DD8D533259344B500598FDA /* RecentViewdData.swift */; };
		3DD8D5392593705A00598FDA /* Container.swift in Sources */ = {isa = PBXBuildFile; fileRef = 3DD8D5382593705A00598FDA /* Container.swift */; };
		3DEDE1EE25876BEB00D2BB2B /* UIView.swift in Sources */ = {isa = PBXBuildFile; fileRef = 3DEDE1ED25876BEB00D2BB2B /* UIView.swift */; };
		3DEDE1F12587D3F000D2BB2B /* StoreListVC.swift in Sources */ = {isa = PBXBuildFile; fileRef = 3DEDE1F02587D3F000D2BB2B /* StoreListVC.swift */; };
		3DEDE1F42587DB4D00D2BB2B /* StoreListCustomView.swift in Sources */ = {isa = PBXBuildFile; fileRef = 3DEDE1F32587DB4D00D2BB2B /* StoreListCustomView.swift */; };
		3DEDE1F82587DB5F00D2BB2B /* StoreListCustomView.xib in Resources */ = {isa = PBXBuildFile; fileRef = 3DEDE1F72587DB5F00D2BB2B /* StoreListCustomView.xib */; };
		3DF73A612584C66C00997842 /* AppDelegate.swift in Sources */ = {isa = PBXBuildFile; fileRef = 3DF73A602584C66C00997842 /* AppDelegate.swift */; };
		3DF73A632584C66C00997842 /* SceneDelegate.swift in Sources */ = {isa = PBXBuildFile; fileRef = 3DF73A622584C66C00997842 /* SceneDelegate.swift */; };
		3DF73A652584C66C00997842 /* ViewController.swift in Sources */ = {isa = PBXBuildFile; fileRef = 3DF73A642584C66C00997842 /* ViewController.swift */; };
		3DF73A682584C66C00997842 /* Main.storyboard in Resources */ = {isa = PBXBuildFile; fileRef = 3DF73A662584C66C00997842 /* Main.storyboard */; };
		3DF73A6A2584C66F00997842 /* Assets.xcassets in Resources */ = {isa = PBXBuildFile; fileRef = 3DF73A692584C66F00997842 /* Assets.xcassets */; };
		3DF73A6D2584C66F00997842 /* LaunchScreen.storyboard in Resources */ = {isa = PBXBuildFile; fileRef = 3DF73A6B2584C66F00997842 /* LaunchScreen.storyboard */; };
		EB1C515A259A0C8B004BD6A9 /* Pods_LaundryDay.framework in Frameworks */ = {isa = PBXBuildFile; fileRef = 8863594A827B14F24F61827B /* Pods_LaundryDay.framework */; };
		EB554B2E259A3EB3006571A3 /* GetStoreDataManager.swift in Sources */ = {isa = PBXBuildFile; fileRef = EB554B2D259A3EB3006571A3 /* GetStoreDataManager.swift */; };
		EB554B31259CA6F3006571A3 /* FavoriteData.swift in Sources */ = {isa = PBXBuildFile; fileRef = EB554B30259CA6F3006571A3 /* FavoriteData.swift */; };
		EB554B8525A72998006571A3 /* UIViewController.swift in Sources */ = {isa = PBXBuildFile; fileRef = EB554B8425A72998006571A3 /* UIViewController.swift */; };
/* End PBXBuildFile section */

/* Begin PBXFileReference section */
		3D346941258618F9002D2AB5 /* StoreDataManager.swift */ = {isa = PBXFileReference; lastKnownFileType = sourcecode.swift; path = StoreDataManager.swift; sourceTree = "<group>"; };
		3D3469482587468A002D2AB5 /* Device.swift */ = {isa = PBXFileReference; lastKnownFileType = sourcecode.swift; path = Device.swift; sourceTree = "<group>"; };
		3D34694C258746CF002D2AB5 /* IndicatorView.swift */ = {isa = PBXFileReference; lastKnownFileType = sourcecode.swift; path = IndicatorView.swift; sourceTree = "<group>"; };
		3D34694F258746F4002D2AB5 /* UIColor.swift */ = {isa = PBXFileReference; lastKnownFileType = sourcecode.swift; path = UIColor.swift; sourceTree = "<group>"; };
		3D3469522587470D002D2AB5 /* UIFont.swift */ = {isa = PBXFileReference; lastKnownFileType = sourcecode.swift; path = UIFont.swift; sourceTree = "<group>"; };
		3D346955258750B8002D2AB5 /* MyPage.swift */ = {isa = PBXFileReference; lastKnownFileType = sourcecode.swift; path = MyPage.swift; sourceTree = "<group>"; };
		3D34695825875D8F002D2AB5 /* MyPageCustomView.xib */ = {isa = PBXFileReference; lastKnownFileType = file.xib; path = MyPageCustomView.xib; sourceTree = "<group>"; };
		3D34695B25875DA4002D2AB5 /* MyPageCustomView.swift */ = {isa = PBXFileReference; lastKnownFileType = sourcecode.swift; path = MyPageCustomView.swift; sourceTree = "<group>"; };
		3D4E4F302589F1A600BE9FFF /* BottomCustomView.xib */ = {isa = PBXFileReference; lastKnownFileType = file.xib; path = BottomCustomView.xib; sourceTree = "<group>"; };
		3D4E4F332589F1C800BE9FFF /* BottomCustomView.swift */ = {isa = PBXFileReference; lastKnownFileType = sourcecode.swift; path = BottomCustomView.swift; sourceTree = "<group>"; };
		3D4E4F36258A0E1200BE9FFF /* GoogleService-Info.plist */ = {isa = PBXFileReference; fileEncoding = 4; lastKnownFileType = text.plist.xml; path = "GoogleService-Info.plist"; sourceTree = "<group>"; };
		3D4E4F5B258A4E6B00BE9FFF /* LoginVC.swift */ = {isa = PBXFileReference; lastKnownFileType = sourcecode.swift; path = LoginVC.swift; sourceTree = "<group>"; };
		3DA668782591A0F1002ED446 /* StoreData.swift */ = {isa = PBXFileReference; lastKnownFileType = sourcecode.swift; path = StoreData.swift; sourceTree = "<group>"; };
		3DD432C4258BA5370020594E /* JoinVC.swift */ = {isa = PBXFileReference; lastKnownFileType = sourcecode.swift; path = JoinVC.swift; sourceTree = "<group>"; };
		3DD432C7258BC0E50020594E /* JoinVC.xib */ = {isa = PBXFileReference; lastKnownFileType = file.xib; path = JoinVC.xib; sourceTree = "<group>"; };
		3DD432CB258C894B0020594E /* StoreDetailVC.swift */ = {isa = PBXFileReference; lastKnownFileType = sourcecode.swift; path = StoreDetailVC.swift; sourceTree = "<group>"; };
		3DD432CC258C894B0020594E /* StoreDetailVC.xib */ = {isa = PBXFileReference; lastKnownFileType = file.xib; path = StoreDetailVC.xib; sourceTree = "<group>"; };
		3DD432D8258CEA7E0020594E /* ReviewCustomCell.swift */ = {isa = PBXFileReference; lastKnownFileType = sourcecode.swift; path = ReviewCustomCell.swift; sourceTree = "<group>"; };
		3DD432D9258CEA7E0020594E /* ReviewCustomCell.xib */ = {isa = PBXFileReference; lastKnownFileType = file.xib; path = ReviewCustomCell.xib; sourceTree = "<group>"; };
		3DD8D4E325922E4700598FDA /* String.swift */ = {isa = PBXFileReference; lastKnownFileType = sourcecode.swift; path = String.swift; sourceTree = "<group>"; };
		3DD8D4E625923A6F00598FDA /* StoreDetailMapVC.swift */ = {isa = PBXFileReference; lastKnownFileType = sourcecode.swift; path = StoreDetailMapVC.swift; sourceTree = "<group>"; };
		3DD8D50B25926CD200598FDA /* EmailLoginVC.swift */ = {isa = PBXFileReference; lastKnownFileType = sourcecode.swift; path = EmailLoginVC.swift; sourceTree = "<group>"; };
		3DD8D533259344B500598FDA /* RecentViewdData.swift */ = {isa = PBXFileReference; lastKnownFileType = sourcecode.swift; path = RecentViewdData.swift; sourceTree = "<group>"; };
		3DD8D5382593705A00598FDA /* Container.swift */ = {isa = PBXFileReference; lastKnownFileType = sourcecode.swift; path = Container.swift; sourceTree = "<group>"; };
		3DEDE1ED25876BEB00D2BB2B /* UIView.swift */ = {isa = PBXFileReference; lastKnownFileType = sourcecode.swift; path = UIView.swift; sourceTree = "<group>"; };
		3DEDE1F02587D3F000D2BB2B /* StoreListVC.swift */ = {isa = PBXFileReference; lastKnownFileType = sourcecode.swift; path = StoreListVC.swift; sourceTree = "<group>"; };
		3DEDE1F32587DB4D00D2BB2B /* StoreListCustomView.swift */ = {isa = PBXFileReference; lastKnownFileType = sourcecode.swift; path = StoreListCustomView.swift; sourceTree = "<group>"; };
		3DEDE1F72587DB5F00D2BB2B /* StoreListCustomView.xib */ = {isa = PBXFileReference; lastKnownFileType = file.xib; path = StoreListCustomView.xib; sourceTree = "<group>"; };
		3DF73A5D2584C66C00997842 /* LaundryDay.app */ = {isa = PBXFileReference; explicitFileType = wrapper.application; includeInIndex = 0; path = LaundryDay.app; sourceTree = BUILT_PRODUCTS_DIR; };
		3DF73A602584C66C00997842 /* AppDelegate.swift */ = {isa = PBXFileReference; lastKnownFileType = sourcecode.swift; path = AppDelegate.swift; sourceTree = "<group>"; };
		3DF73A622584C66C00997842 /* SceneDelegate.swift */ = {isa = PBXFileReference; lastKnownFileType = sourcecode.swift; path = SceneDelegate.swift; sourceTree = "<group>"; };
		3DF73A642584C66C00997842 /* ViewController.swift */ = {isa = PBXFileReference; lastKnownFileType = sourcecode.swift; path = ViewController.swift; sourceTree = "<group>"; };
		3DF73A672584C66C00997842 /* Base */ = {isa = PBXFileReference; lastKnownFileType = file.storyboard; name = Base; path = Base.lproj/Main.storyboard; sourceTree = "<group>"; };
		3DF73A692584C66F00997842 /* Assets.xcassets */ = {isa = PBXFileReference; lastKnownFileType = folder.assetcatalog; path = Assets.xcassets; sourceTree = "<group>"; };
		3DF73A6C2584C66F00997842 /* Base */ = {isa = PBXFileReference; lastKnownFileType = file.storyboard; name = Base; path = Base.lproj/LaunchScreen.storyboard; sourceTree = "<group>"; };
		3DF73A6E2584C66F00997842 /* Info.plist */ = {isa = PBXFileReference; lastKnownFileType = text.plist.xml; path = Info.plist; sourceTree = "<group>"; };
		8863594A827B14F24F61827B /* Pods_LaundryDay.framework */ = {isa = PBXFileReference; explicitFileType = wrapper.framework; includeInIndex = 0; path = Pods_LaundryDay.framework; sourceTree = BUILT_PRODUCTS_DIR; };
		D48C39F6493E23CC9D943F5A /* Pods-LaundryDay.debug.xcconfig */ = {isa = PBXFileReference; includeInIndex = 1; lastKnownFileType = text.xcconfig; name = "Pods-LaundryDay.debug.xcconfig"; path = "Target Support Files/Pods-LaundryDay/Pods-LaundryDay.debug.xcconfig"; sourceTree = "<group>"; };
		EB554B2D259A3EB3006571A3 /* GetStoreDataManager.swift */ = {isa = PBXFileReference; lastKnownFileType = sourcecode.swift; path = GetStoreDataManager.swift; sourceTree = "<group>"; };
		EB554B30259CA6F3006571A3 /* FavoriteData.swift */ = {isa = PBXFileReference; lastKnownFileType = sourcecode.swift; path = FavoriteData.swift; sourceTree = "<group>"; };
		EB554B8425A72998006571A3 /* UIViewController.swift */ = {isa = PBXFileReference; lastKnownFileType = sourcecode.swift; path = UIViewController.swift; sourceTree = "<group>"; };
		F655790736AFA7BB55360F2C /* Pods-LaundryDay.release.xcconfig */ = {isa = PBXFileReference; includeInIndex = 1; lastKnownFileType = text.xcconfig; name = "Pods-LaundryDay.release.xcconfig"; path = "Target Support Files/Pods-LaundryDay/Pods-LaundryDay.release.xcconfig"; sourceTree = "<group>"; };
/* End PBXFileReference section */

/* Begin PBXFrameworksBuildPhase section */
		3DF73A5A2584C66C00997842 /* Frameworks */ = {
			isa = PBXFrameworksBuildPhase;
			buildActionMask = 2147483647;
			files = (
				EB1C515A259A0C8B004BD6A9 /* Pods_LaundryDay.framework in Frameworks */,
			);
			runOnlyForDeploymentPostprocessing = 0;
		};
/* End PBXFrameworksBuildPhase section */

/* Begin PBXGroup section */
		3D346945258742F0002D2AB5 /* Extension */ = {
			isa = PBXGroup;
			children = (
				3D34694F258746F4002D2AB5 /* UIColor.swift */,
				3D3469522587470D002D2AB5 /* UIFont.swift */,
				3DEDE1ED25876BEB00D2BB2B /* UIView.swift */,
				3DD8D4E325922E4700598FDA /* String.swift */,
				EB554B8425A72998006571A3 /* UIViewController.swift */,
			);
			path = Extension;
			sourceTree = "<group>";
		};
		3D3469472587467B002D2AB5 /* CommonClass */ = {
			isa = PBXGroup;
			children = (
				3D3469482587468A002D2AB5 /* Device.swift */,
				3D34694C258746CF002D2AB5 /* IndicatorView.swift */,
				3DA668782591A0F1002ED446 /* StoreData.swift */,
				3DD8D5382593705A00598FDA /* Container.swift */,
			);
			path = CommonClass;
			sourceTree = "<group>";
		};
		3D34695F25875DC6002D2AB5 /* MyPage */ = {
			isa = PBXGroup;
			children = (
				3D34695B25875DA4002D2AB5 /* MyPageCustomView.swift */,
				3D34695825875D8F002D2AB5 /* MyPageCustomView.xib */,
				3D346955258750B8002D2AB5 /* MyPage.swift */,
			);
			path = MyPage;
			sourceTree = "<group>";
		};
		3D4E4F5A258A4CEA00BE9FFF /* Custom */ = {
			isa = PBXGroup;
			children = (
				3DEDE1F32587DB4D00D2BB2B /* StoreListCustomView.swift */,
				3DEDE1F72587DB5F00D2BB2B /* StoreListCustomView.xib */,
				3D4E4F332589F1C800BE9FFF /* BottomCustomView.swift */,
				3D4E4F302589F1A600BE9FFF /* BottomCustomView.xib */,
			);
			path = Custom;
			sourceTree = "<group>";
		};
		3DD8D5322593449F00598FDA /* Model */ = {
			isa = PBXGroup;
			children = (
				3DD8D533259344B500598FDA /* RecentViewdData.swift */,
				EB554B30259CA6F3006571A3 /* FavoriteData.swift */,
			);
			path = Model;
			sourceTree = "<group>";
		};
		3DF73A542584C66C00997842 = {
			isa = PBXGroup;
			children = (
				3DF73A5F2584C66C00997842 /* LaundryDay */,
				3DF73A5E2584C66C00997842 /* Products */,
				713911BC76C9386BB810553F /* Pods */,
				C6DA5A43EFBE0D8D9A2AC7C7 /* Frameworks */,
			);
			sourceTree = "<group>";
		};
		3DF73A5E2584C66C00997842 /* Products */ = {
			isa = PBXGroup;
			children = (
				3DF73A5D2584C66C00997842 /* LaundryDay.app */,
			);
			name = Products;
			sourceTree = "<group>";
		};
		3DF73A5F2584C66C00997842 /* LaundryDay */ = {
			isa = PBXGroup;
			children = (
				3DD8D5322593449F00598FDA /* Model */,
				3DF73A602584C66C00997842 /* AppDelegate.swift */,
				3DF73A622584C66C00997842 /* SceneDelegate.swift */,
				3D3469472587467B002D2AB5 /* CommonClass */,
				3D346945258742F0002D2AB5 /* Extension */,
				3DF73A642584C66C00997842 /* ViewController.swift */,
				3DF73A662584C66C00997842 /* Main.storyboard */,
				3DF73A692584C66F00997842 /* Assets.xcassets */,
				3DF73A6B2584C66F00997842 /* LaunchScreen.storyboard */,
				3D346941258618F9002D2AB5 /* StoreDataManager.swift */,
				EB554B2D259A3EB3006571A3 /* GetStoreDataManager.swift */,
				3DEDE1F02587D3F000D2BB2B /* StoreListVC.swift */,
				3D34695F25875DC6002D2AB5 /* MyPage */,
				3D4E4F5A258A4CEA00BE9FFF /* Custom */,
				3D4E4F5B258A4E6B00BE9FFF /* LoginVC.swift */,
				3DD8D50B25926CD200598FDA /* EmailLoginVC.swift */,
				3DD432C4258BA5370020594E /* JoinVC.swift */,
				3DD432C7258BC0E50020594E /* JoinVC.xib */,
				3DD432CB258C894B0020594E /* StoreDetailVC.swift */,
				3DD432CC258C894B0020594E /* StoreDetailVC.xib */,
				3DD8D4E625923A6F00598FDA /* StoreDetailMapVC.swift */,
				3DD432D8258CEA7E0020594E /* ReviewCustomCell.swift */,
				3DD432D9258CEA7E0020594E /* ReviewCustomCell.xib */,
				3DF73A6E2584C66F00997842 /* Info.plist */,
				3D4E4F36258A0E1200BE9FFF /* GoogleService-Info.plist */,
			);
			path = LaundryDay;
			sourceTree = "<group>";
		};
		713911BC76C9386BB810553F /* Pods */ = {
			isa = PBXGroup;
			children = (
				D48C39F6493E23CC9D943F5A /* Pods-LaundryDay.debug.xcconfig */,
				F655790736AFA7BB55360F2C /* Pods-LaundryDay.release.xcconfig */,
			);
			path = Pods;
			sourceTree = "<group>";
		};
		C6DA5A43EFBE0D8D9A2AC7C7 /* Frameworks */ = {
			isa = PBXGroup;
			children = (
				8863594A827B14F24F61827B /* Pods_LaundryDay.framework */,
			);
			name = Frameworks;
			sourceTree = "<group>";
		};
/* End PBXGroup section */

/* Begin PBXNativeTarget section */
		3DF73A5C2584C66C00997842 /* LaundryDay */ = {
			isa = PBXNativeTarget;
			buildConfigurationList = 3DF73A712584C66F00997842 /* Build configuration list for PBXNativeTarget "LaundryDay" */;
			buildPhases = (
				11BD80C699ED079D6AB4C490 /* [CP] Check Pods Manifest.lock */,
				3DF73A592584C66C00997842 /* Sources */,
				3DF73A5A2584C66C00997842 /* Frameworks */,
				3DF73A5B2584C66C00997842 /* Resources */,
				DCB9BEDE8392719FDF1DC39B /* [CP] Embed Pods Frameworks */,
				E983F60315A38E88098A452F /* [CP] Copy Pods Resources */,
			);
			buildRules = (
			);
			dependencies = (
			);
			name = LaundryDay;
			productName = LaundryDay;
			productReference = 3DF73A5D2584C66C00997842 /* LaundryDay.app */;
			productType = "com.apple.product-type.application";
		};
/* End PBXNativeTarget section */

/* Begin PBXProject section */
		3DF73A552584C66C00997842 /* Project object */ = {
			isa = PBXProject;
			attributes = {
				LastSwiftUpdateCheck = 1220;
				LastUpgradeCheck = 1220;
				TargetAttributes = {
					3DF73A5C2584C66C00997842 = {
						CreatedOnToolsVersion = 12.2;
					};
				};
			};
			buildConfigurationList = 3DF73A582584C66C00997842 /* Build configuration list for PBXProject "LaundryDay" */;
			compatibilityVersion = "Xcode 9.3";
			developmentRegion = en;
			hasScannedForEncodings = 0;
			knownRegions = (
				en,
				Base,
			);
			mainGroup = 3DF73A542584C66C00997842;
			productRefGroup = 3DF73A5E2584C66C00997842 /* Products */;
			projectDirPath = "";
			projectRoot = "";
			targets = (
				3DF73A5C2584C66C00997842 /* LaundryDay */,
			);
		};
/* End PBXProject section */

/* Begin PBXResourcesBuildPhase section */
		3DF73A5B2584C66C00997842 /* Resources */ = {
			isa = PBXResourcesBuildPhase;
			buildActionMask = 2147483647;
			files = (
				3DF73A6D2584C66F00997842 /* LaunchScreen.storyboard in Resources */,
				3DEDE1F82587DB5F00D2BB2B /* StoreListCustomView.xib in Resources */,
				3D4E4F312589F1A600BE9FFF /* BottomCustomView.xib in Resources */,
				3DF73A6A2584C66F00997842 /* Assets.xcassets in Resources */,
				3DD432CE258C894B0020594E /* StoreDetailVC.xib in Resources */,
				3DD432DB258CEA7E0020594E /* ReviewCustomCell.xib in Resources */,
				3DD432C8258BC0E50020594E /* JoinVC.xib in Resources */,
				3D34695925875D8F002D2AB5 /* MyPageCustomView.xib in Resources */,
				3DF73A682584C66C00997842 /* Main.storyboard in Resources */,
				3D4E4F37258A0E1200BE9FFF /* GoogleService-Info.plist in Resources */,
			);
			runOnlyForDeploymentPostprocessing = 0;
		};
/* End PBXResourcesBuildPhase section */

/* Begin PBXShellScriptBuildPhase section */
		11BD80C699ED079D6AB4C490 /* [CP] Check Pods Manifest.lock */ = {
			isa = PBXShellScriptBuildPhase;
			buildActionMask = 2147483647;
			files = (
			);
			inputFileListPaths = (
			);
			inputPaths = (
				"${PODS_PODFILE_DIR_PATH}/Podfile.lock",
				"${PODS_ROOT}/Manifest.lock",
			);
			name = "[CP] Check Pods Manifest.lock";
			outputFileListPaths = (
			);
			outputPaths = (
				"$(DERIVED_FILE_DIR)/Pods-LaundryDay-checkManifestLockResult.txt",
			);
			runOnlyForDeploymentPostprocessing = 0;
			shellPath = /bin/sh;
			shellScript = "diff \"${PODS_PODFILE_DIR_PATH}/Podfile.lock\" \"${PODS_ROOT}/Manifest.lock\" > /dev/null\nif [ $? != 0 ] ; then\n    # print error to STDERR\n    echo \"error: The sandbox is not in sync with the Podfile.lock. Run 'pod install' or update your CocoaPods installation.\" >&2\n    exit 1\nfi\n# This output is used by Xcode 'outputs' to avoid re-running this script phase.\necho \"SUCCESS\" > \"${SCRIPT_OUTPUT_FILE_0}\"\n";
			showEnvVarsInLog = 0;
		};
		DCB9BEDE8392719FDF1DC39B /* [CP] Embed Pods Frameworks */ = {
			isa = PBXShellScriptBuildPhase;
			buildActionMask = 2147483647;
			files = (
			);
			inputFileListPaths = (
				"${PODS_ROOT}/Target Support Files/Pods-LaundryDay/Pods-LaundryDay-frameworks-${CONFIGURATION}-input-files.xcfilelist",
			);
			name = "[CP] Embed Pods Frameworks";
			outputFileListPaths = (
				"${PODS_ROOT}/Target Support Files/Pods-LaundryDay/Pods-LaundryDay-frameworks-${CONFIGURATION}-output-files.xcfilelist",
			);
			runOnlyForDeploymentPostprocessing = 0;
			shellPath = /bin/sh;
			shellScript = "\"${PODS_ROOT}/Target Support Files/Pods-LaundryDay/Pods-LaundryDay-frameworks.sh\"\n";
			showEnvVarsInLog = 0;
		};
		E983F60315A38E88098A452F /* [CP] Copy Pods Resources */ = {
			isa = PBXShellScriptBuildPhase;
			buildActionMask = 2147483647;
			files = (
			);
			inputFileListPaths = (
				"${PODS_ROOT}/Target Support Files/Pods-LaundryDay/Pods-LaundryDay-resources-${CONFIGURATION}-input-files.xcfilelist",
			);
			name = "[CP] Copy Pods Resources";
			outputFileListPaths = (
				"${PODS_ROOT}/Target Support Files/Pods-LaundryDay/Pods-LaundryDay-resources-${CONFIGURATION}-output-files.xcfilelist",
			);
			runOnlyForDeploymentPostprocessing = 0;
			shellPath = /bin/sh;
			shellScript = "\"${PODS_ROOT}/Target Support Files/Pods-LaundryDay/Pods-LaundryDay-resources.sh\"\n";
			showEnvVarsInLog = 0;
		};
/* End PBXShellScriptBuildPhase section */

/* Begin PBXSourcesBuildPhase section */
		3DF73A592584C66C00997842 /* Sources */ = {
			isa = PBXSourcesBuildPhase;
			buildActionMask = 2147483647;
			files = (
				3DD432C5258BA5370020594E /* JoinVC.swift in Sources */,
				3DEDE1F12587D3F000D2BB2B /* StoreListVC.swift in Sources */,
				EB554B8525A72998006571A3 /* UIViewController.swift in Sources */,
				EB554B2E259A3EB3006571A3 /* GetStoreDataManager.swift in Sources */,
				3DD8D4E425922E4700598FDA /* String.swift in Sources */,
				3D34695C25875DA4002D2AB5 /* MyPageCustomView.swift in Sources */,
				3DF73A652584C66C00997842 /* ViewController.swift in Sources */,
				3DEDE1EE25876BEB00D2BB2B /* UIView.swift in Sources */,
				3D4E4F342589F1C800BE9FFF /* BottomCustomView.swift in Sources */,
				3DD8D4E725923A6F00598FDA /* StoreDetailMapVC.swift in Sources */,
				3D346950258746F4002D2AB5 /* UIColor.swift in Sources */,
				3DEDE1F42587DB4D00D2BB2B /* StoreListCustomView.swift in Sources */,
				3DF73A612584C66C00997842 /* AppDelegate.swift in Sources */,
				3DF73A632584C66C00997842 /* SceneDelegate.swift in Sources */,
				3DD432DA258CEA7E0020594E /* ReviewCustomCell.swift in Sources */,
				3DD8D5392593705A00598FDA /* Container.swift in Sources */,
				3D3469532587470D002D2AB5 /* UIFont.swift in Sources */,
				3DA668792591A0F1002ED446 /* StoreData.swift in Sources */,
				EB554B31259CA6F3006571A3 /* FavoriteData.swift in Sources */,
				3DD8D50C25926CD200598FDA /* EmailLoginVC.swift in Sources */,
				3DD432CD258C894B0020594E /* StoreDetailVC.swift in Sources */,
				3D346942258618F9002D2AB5 /* StoreDataManager.swift in Sources */,
				3D34694D258746CF002D2AB5 /* IndicatorView.swift in Sources */,
				3DD8D534259344B500598FDA /* RecentViewdData.swift in Sources */,
				3D3469492587468A002D2AB5 /* Device.swift in Sources */,
				3D346956258750B8002D2AB5 /* MyPage.swift in Sources */,
				3D4E4F5C258A4E6B00BE9FFF /* LoginVC.swift in Sources */,
			);
			runOnlyForDeploymentPostprocessing = 0;
		};
/* End PBXSourcesBuildPhase section */

/* Begin PBXVariantGroup section */
		3DF73A662584C66C00997842 /* Main.storyboard */ = {
			isa = PBXVariantGroup;
			children = (
				3DF73A672584C66C00997842 /* Base */,
			);
			name = Main.storyboard;
			sourceTree = "<group>";
		};
		3DF73A6B2584C66F00997842 /* LaunchScreen.storyboard */ = {
			isa = PBXVariantGroup;
			children = (
				3DF73A6C2584C66F00997842 /* Base */,
			);
			name = LaunchScreen.storyboard;
			sourceTree = "<group>";
		};
/* End PBXVariantGroup section */

/* Begin XCBuildConfiguration section */
		3DF73A6F2584C66F00997842 /* Debug */ = {
			isa = XCBuildConfiguration;
			buildSettings = {
				ALWAYS_SEARCH_USER_PATHS = NO;
				CLANG_ANALYZER_NONNULL = YES;
				CLANG_ANALYZER_NUMBER_OBJECT_CONVERSION = YES_AGGRESSIVE;
				CLANG_CXX_LANGUAGE_STANDARD = "gnu++14";
				CLANG_CXX_LIBRARY = "libc++";
				CLANG_ENABLE_MODULES = YES;
				CLANG_ENABLE_OBJC_ARC = YES;
				CLANG_ENABLE_OBJC_WEAK = YES;
				CLANG_WARN_BLOCK_CAPTURE_AUTORELEASING = YES;
				CLANG_WARN_BOOL_CONVERSION = YES;
				CLANG_WARN_COMMA = YES;
				CLANG_WARN_CONSTANT_CONVERSION = YES;
				CLANG_WARN_DEPRECATED_OBJC_IMPLEMENTATIONS = YES;
				CLANG_WARN_DIRECT_OBJC_ISA_USAGE = YES_ERROR;
				CLANG_WARN_DOCUMENTATION_COMMENTS = YES;
				CLANG_WARN_EMPTY_BODY = YES;
				CLANG_WARN_ENUM_CONVERSION = YES;
				CLANG_WARN_INFINITE_RECURSION = YES;
				CLANG_WARN_INT_CONVERSION = YES;
				CLANG_WARN_NON_LITERAL_NULL_CONVERSION = YES;
				CLANG_WARN_OBJC_IMPLICIT_RETAIN_SELF = YES;
				CLANG_WARN_OBJC_LITERAL_CONVERSION = YES;
				CLANG_WARN_OBJC_ROOT_CLASS = YES_ERROR;
				CLANG_WARN_QUOTED_INCLUDE_IN_FRAMEWORK_HEADER = YES;
				CLANG_WARN_RANGE_LOOP_ANALYSIS = YES;
				CLANG_WARN_STRICT_PROTOTYPES = YES;
				CLANG_WARN_SUSPICIOUS_MOVE = YES;
				CLANG_WARN_UNGUARDED_AVAILABILITY = YES_AGGRESSIVE;
				CLANG_WARN_UNREACHABLE_CODE = YES;
				CLANG_WARN__DUPLICATE_METHOD_MATCH = YES;
				COPY_PHASE_STRIP = NO;
				DEBUG_INFORMATION_FORMAT = dwarf;
				ENABLE_STRICT_OBJC_MSGSEND = YES;
				ENABLE_TESTABILITY = YES;
				EXCLUDED_ARCHS = "";
				GCC_C_LANGUAGE_STANDARD = gnu11;
				GCC_DYNAMIC_NO_PIC = NO;
				GCC_NO_COMMON_BLOCKS = YES;
				GCC_OPTIMIZATION_LEVEL = 0;
				GCC_PREPROCESSOR_DEFINITIONS = (
					"DEBUG=1",
					"$(inherited)",
				);
				GCC_WARN_64_TO_32_BIT_CONVERSION = YES;
				GCC_WARN_ABOUT_RETURN_TYPE = YES_ERROR;
				GCC_WARN_UNDECLARED_SELECTOR = YES;
				GCC_WARN_UNINITIALIZED_AUTOS = YES_AGGRESSIVE;
				GCC_WARN_UNUSED_FUNCTION = YES;
				GCC_WARN_UNUSED_VARIABLE = YES;
				IPHONEOS_DEPLOYMENT_TARGET = 14.2;
				MTL_ENABLE_DEBUG_INFO = INCLUDE_SOURCE;
				MTL_FAST_MATH = YES;
				ONLY_ACTIVE_ARCH = YES;
				SDKROOT = iphoneos;
				SWIFT_ACTIVE_COMPILATION_CONDITIONS = DEBUG;
				SWIFT_OPTIMIZATION_LEVEL = "-Onone";
			};
			name = Debug;
		};
		3DF73A702584C66F00997842 /* Release */ = {
			isa = XCBuildConfiguration;
			buildSettings = {
				ALWAYS_SEARCH_USER_PATHS = NO;
				CLANG_ANALYZER_NONNULL = YES;
				CLANG_ANALYZER_NUMBER_OBJECT_CONVERSION = YES_AGGRESSIVE;
				CLANG_CXX_LANGUAGE_STANDARD = "gnu++14";
				CLANG_CXX_LIBRARY = "libc++";
				CLANG_ENABLE_MODULES = YES;
				CLANG_ENABLE_OBJC_ARC = YES;
				CLANG_ENABLE_OBJC_WEAK = YES;
				CLANG_WARN_BLOCK_CAPTURE_AUTORELEASING = YES;
				CLANG_WARN_BOOL_CONVERSION = YES;
				CLANG_WARN_COMMA = YES;
				CLANG_WARN_CONSTANT_CONVERSION = YES;
				CLANG_WARN_DEPRECATED_OBJC_IMPLEMENTATIONS = YES;
				CLANG_WARN_DIRECT_OBJC_ISA_USAGE = YES_ERROR;
				CLANG_WARN_DOCUMENTATION_COMMENTS = YES;
				CLANG_WARN_EMPTY_BODY = YES;
				CLANG_WARN_ENUM_CONVERSION = YES;
				CLANG_WARN_INFINITE_RECURSION = YES;
				CLANG_WARN_INT_CONVERSION = YES;
				CLANG_WARN_NON_LITERAL_NULL_CONVERSION = YES;
				CLANG_WARN_OBJC_IMPLICIT_RETAIN_SELF = YES;
				CLANG_WARN_OBJC_LITERAL_CONVERSION = YES;
				CLANG_WARN_OBJC_ROOT_CLASS = YES_ERROR;
				CLANG_WARN_QUOTED_INCLUDE_IN_FRAMEWORK_HEADER = YES;
				CLANG_WARN_RANGE_LOOP_ANALYSIS = YES;
				CLANG_WARN_STRICT_PROTOTYPES = YES;
				CLANG_WARN_SUSPICIOUS_MOVE = YES;
				CLANG_WARN_UNGUARDED_AVAILABILITY = YES_AGGRESSIVE;
				CLANG_WARN_UNREACHABLE_CODE = YES;
				CLANG_WARN__DUPLICATE_METHOD_MATCH = YES;
				COPY_PHASE_STRIP = NO;
				DEBUG_INFORMATION_FORMAT = "dwarf-with-dsym";
				ENABLE_NS_ASSERTIONS = NO;
				ENABLE_STRICT_OBJC_MSGSEND = YES;
				GCC_C_LANGUAGE_STANDARD = gnu11;
				GCC_NO_COMMON_BLOCKS = YES;
				GCC_WARN_64_TO_32_BIT_CONVERSION = YES;
				GCC_WARN_ABOUT_RETURN_TYPE = YES_ERROR;
				GCC_WARN_UNDECLARED_SELECTOR = YES;
				GCC_WARN_UNINITIALIZED_AUTOS = YES_AGGRESSIVE;
				GCC_WARN_UNUSED_FUNCTION = YES;
				GCC_WARN_UNUSED_VARIABLE = YES;
				IPHONEOS_DEPLOYMENT_TARGET = 14.2;
				MTL_ENABLE_DEBUG_INFO = NO;
				MTL_FAST_MATH = YES;
				SDKROOT = iphoneos;
				SWIFT_COMPILATION_MODE = wholemodule;
				SWIFT_OPTIMIZATION_LEVEL = "-O";
				VALIDATE_PRODUCT = YES;
			};
			name = Release;
		};
		3DF73A722584C66F00997842 /* Debug */ = {
			isa = XCBuildConfiguration;
			baseConfigurationReference = D48C39F6493E23CC9D943F5A /* Pods-LaundryDay.debug.xcconfig */;
			buildSettings = {
				ASSETCATALOG_COMPILER_APPICON_NAME = AppIcon;
				ASSETCATALOG_COMPILER_GLOBAL_ACCENT_COLOR_NAME = AccentColor;
				CODE_SIGN_STYLE = Automatic;
				DEVELOPMENT_TEAM = RT3T8DHJJ3;
				"EXCLUDED_ARCHS[sdk=iphonesimulator*]" = arm64;
				INFOPLIST_FILE = LaundryDay/Info.plist;
				LD_RUNPATH_SEARCH_PATHS = (
					"$(inherited)",
					"@executable_path/Frameworks",
				);
				ONLY_ACTIVE_ARCH = YES;
				PRODUCT_BUNDLE_IDENTIFIER = com.kang.LaundryDay;
				PRODUCT_NAME = "$(TARGET_NAME)";
				SWIFT_VERSION = 5.0;
				TARGETED_DEVICE_FAMILY = 1;
			};
			name = Debug;
		};
		3DF73A732584C66F00997842 /* Release */ = {
			isa = XCBuildConfiguration;
			baseConfigurationReference = F655790736AFA7BB55360F2C /* Pods-LaundryDay.release.xcconfig */;
			buildSettings = {
				ASSETCATALOG_COMPILER_APPICON_NAME = AppIcon;
				ASSETCATALOG_COMPILER_GLOBAL_ACCENT_COLOR_NAME = AccentColor;
				CODE_SIGN_STYLE = Automatic;
				DEVELOPMENT_TEAM = RT3T8DHJJ3;
				INFOPLIST_FILE = LaundryDay/Info.plist;
				LD_RUNPATH_SEARCH_PATHS = (
					"$(inherited)",
					"@executable_path/Frameworks",
				);
				ONLY_ACTIVE_ARCH = NO;
				PRODUCT_BUNDLE_IDENTIFIER = com.kang.LaundryDay;
				PRODUCT_NAME = "$(TARGET_NAME)";
				SWIFT_VERSION = 5.0;
				TARGETED_DEVICE_FAMILY = 1;
			};
			name = Release;
		};
/* End XCBuildConfiguration section */

/* Begin XCConfigurationList section */
		3DF73A582584C66C00997842 /* Build configuration list for PBXProject "LaundryDay" */ = {
			isa = XCConfigurationList;
			buildConfigurations = (
				3DF73A6F2584C66F00997842 /* Debug */,
				3DF73A702584C66F00997842 /* Release */,
			);
			defaultConfigurationIsVisible = 0;
			defaultConfigurationName = Release;
		};
		3DF73A712584C66F00997842 /* Build configuration list for PBXNativeTarget "LaundryDay" */ = {
			isa = XCConfigurationList;
			buildConfigurations = (
				3DF73A722584C66F00997842 /* Debug */,
				3DF73A732584C66F00997842 /* Release */,
			);
			defaultConfigurationIsVisible = 0;
			defaultConfigurationName = Release;
		};
/* End XCConfigurationList section */
	};
	rootObject = 3DF73A552584C66C00997842 /* Project object */;
}
